
Microsoft Visual Studio Solution File, Format Version 12.00
# Visual Studio Version 17
VisualStudioVersion = 17.14.36109.1
MinimumVisualStudioVersion = 10.0.40219.1
Project("{FAE04EC0-301F-11D3-BF4B-00C04F79EFBC}") = "PasarelaPago.Server", "PasarelaPago\Server\PasarelaPago.Server.csproj", "{59294DE3-E041-4943-8220-F2DA0E015346}"
EndProject
Project("{FAE04EC0-301F-11D3-BF4B-00C04F79EFBC}") = "PasarelaPago.Client", "PasarelaPago\Client\PasarelaPago.Client.csproj", "{4CFFB748-6893-49D9-9FE5-290C233CB2A3}"
EndProject
Project("{FAE04EC0-301F-11D3-BF4B-00C04F79EFBC}") = "PasarelaPago.Shared", "PasarelaPago\Shared\PasarelaPago.Shared.csproj", "{DA532129-E559-4016-82D1-9B43F9A0D0C2}"
EndProject
Global
	GlobalSection(SolutionConfigurationPlatforms) = preSolution
		Debug|Any CPU = Debug|Any CPU
		Release|Any CPU = Release|Any CPU
	EndGlobalSection
	GlobalSection(ProjectConfigurationPlatforms) = postSolution
		{59294DE3-E041-4943-8220-F2DA0E015346}.Debug|Any CPU.ActiveCfg = Debug|Any CPU
		{59294DE3-E041-4943-8220-F2DA0E015346}.Debug|Any CPU.Build.0 = Debug|Any CPU
		{59294DE3-E041-4943-8220-F2DA0E015346}.Release|Any CPU.ActiveCfg = Release|Any CPU
		{59294DE3-E041-4943-8220-F2DA0E015346}.Release|Any CPU.Build.0 = Release|Any CPU
		{4CFFB748-6893-49D9-9FE5-290C233CB2A3}.Debug|Any CPU.ActiveCfg = Debug|Any CPU
		{4CFFB748-6893-49D9-9FE5-290C233CB2A3}.Debug|Any CPU.Build.0 = Debug|Any CPU
		{4CFFB748-6893-49D9-9FE5-290C233CB2A3}.Release|Any CPU.ActiveCfg = Release|Any CPU
		{4CFFB748-6893-49D9-9FE5-290C233CB2A3}.Release|Any CPU.Build.0 = Release|Any CPU
		{DA532129-E559-4016-82D1-9B43F9A0D0C2}.Debug|Any CPU.ActiveCfg = Debug|Any CPU
		{DA532129-E559-4016-82D1-9B43F9A0D0C2}.Debug|Any CPU.Build.0 = Debug|Any CPU
		{DA532129-E559-4016-82D1-9B43F9A0D0C2}.Release|Any CPU.ActiveCfg = Release|Any CPU
		{DA532129-E559-4016-82D1-9B43F9A0D0C2}.Release|Any CPU.Build.0 = Release|Any CPU
	EndGlobalSection
	GlobalSection(SolutionProperties) = preSolution
		HideSolutionNode = FALSE
	EndGlobalSection
	GlobalSection(ExtensibilityGlobals) = postSolution
		SolutionGuid = {14BE51B9-5184-42BF-BA12-0247645010E0}
	EndGlobalSection
EndGlobal
